// !$*UTF8*$!
{
	archiveVersion = 1;
	classes = {
	};
	objectVersion = 48;
	objects = {

/* Begin PBXBuildFile section */
		516EC6602253820700C90546 /* AppDelegate.swift in Sources */ = {isa = PBXBuildFile; fileRef = 516EC65F2253820700C90546 /* AppDelegate.swift */; };
		516EC6652253820700C90546 /* Main.storyboard in Resources */ = {isa = PBXBuildFile; fileRef = 516EC6632253820700C90546 /* Main.storyboard */; };
		516EC6672253820800C90546 /* Assets.xcassets in Resources */ = {isa = PBXBuildFile; fileRef = 516EC6662253820800C90546 /* Assets.xcassets */; };
		516EC66A2253820800C90546 /* LaunchScreen.storyboard in Resources */ = {isa = PBXBuildFile; fileRef = 516EC6682253820800C90546 /* LaunchScreen.storyboard */; };
		516EC67D225382D600C90546 /* SubCategoriesCollectionCell.swift in Sources */ = {isa = PBXBuildFile; fileRef = 516EC676225382D500C90546 /* SubCategoriesCollectionCell.swift */; };
		516EC67E225382D600C90546 /* SubCategoryCellModel.swift in Sources */ = {isa = PBXBuildFile; fileRef = 516EC677225382D500C90546 /* SubCategoryCellModel.swift */; };
		516EC67F225382D600C90546 /* SubCategoryView.swift in Sources */ = {isa = PBXBuildFile; fileRef = 516EC678225382D500C90546 /* SubCategoryView.swift */; };
		516EC680225382D600C90546 /* sentModel.swift in Sources */ = {isa = PBXBuildFile; fileRef = 516EC679225382D500C90546 /* sentModel.swift */; };
		516EC681225382D600C90546 /* CategoriesCell.swift in Sources */ = {isa = PBXBuildFile; fileRef = 516EC67A225382D500C90546 /* CategoriesCell.swift */; };
		516EC682225382D600C90546 /* CategoryCellModel.swift in Sources */ = {isa = PBXBuildFile; fileRef = 516EC67B225382D600C90546 /* CategoryCellModel.swift */; };
		516EC683225382D600C90546 /* CategoryView.swift in Sources */ = {isa = PBXBuildFile; fileRef = 516EC67C225382D600C90546 /* CategoryView.swift */; };
		516EC686225382E800C90546 /* RegisterationView.swift in Sources */ = {isa = PBXBuildFile; fileRef = 516EC684225382E800C90546 /* RegisterationView.swift */; };
		516EC687225382E800C90546 /* WebView.swift in Sources */ = {isa = PBXBuildFile; fileRef = 516EC685225382E800C90546 /* WebView.swift */; };
		516EC68E225382FA00C90546 /* BrandsCollectionViewCell.swift in Sources */ = {isa = PBXBuildFile; fileRef = 516EC688225382F900C90546 /* BrandsCollectionViewCell.swift */; };
		516EC68F225382FA00C90546 /* SellersAndBrands.swift in Sources */ = {isa = PBXBuildFile; fileRef = 516EC689225382F900C90546 /* SellersAndBrands.swift */; };
		516EC690225382FA00C90546 /* SellersCell.swift in Sources */ = {isa = PBXBuildFile; fileRef = 516EC68A225382F900C90546 /* SellersCell.swift */; };
		516EC691225382FA00C90546 /* BestSellerCellModel.swift in Sources */ = {isa = PBXBuildFile; fileRef = 516EC68B225382FA00C90546 /* BestSellerCellModel.swift */; };
		516EC692225382FA00C90546 /* BrandModel.swift in Sources */ = {isa = PBXBuildFile; fileRef = 516EC68C225382FA00C90546 /* BrandModel.swift */; };
		516EC693225382FA00C90546 /* BrandsCell.swift in Sources */ = {isa = PBXBuildFile; fileRef = 516EC68D225382FA00C90546 /* BrandsCell.swift */; };
		516EC6952253830400C90546 /* ServiceLayer.swift in Sources */ = {isa = PBXBuildFile; fileRef = 516EC6942253830400C90546 /* ServiceLayer.swift */; };
		516EC69A22538E1C00C90546 /* LocalizationHandler.swift in Sources */ = {isa = PBXBuildFile; fileRef = 516EC69922538E1C00C90546 /* LocalizationHandler.swift */; };
		516EC69C2253936300C90546 /* Globals.swift in Sources */ = {isa = PBXBuildFile; fileRef = 516EC69B2253936300C90546 /* Globals.swift */; };
		516EC6A32253B64800C90546 /* Language.swift in Sources */ = {isa = PBXBuildFile; fileRef = 516EC6A22253B64800C90546 /* Language.swift */; };
/* End PBXBuildFile section */

/* Begin PBXFileReference section */
		513B0F592255F971003377A7 /* GE Dinar One Medium.ttf */ = {isa = PBXFileReference; lastKnownFileType = file; path = "GE Dinar One Medium.ttf"; sourceTree = "<group>"; };
		513B0F5A2255F971003377A7 /* Montserrat-Regular.ttf */ = {isa = PBXFileReference; lastKnownFileType = file; path = "Montserrat-Regular.ttf"; sourceTree = "<group>"; };
		516EC65C2253820700C90546 /* HardTaskApp.app */ = {isa = PBXFileReference; explicitFileType = wrapper.application; includeInIndex = 0; path = HardTaskApp.app; sourceTree = BUILT_PRODUCTS_DIR; };
		516EC65F2253820700C90546 /* AppDelegate.swift */ = {isa = PBXFileReference; lastKnownFileType = sourcecode.swift; path = AppDelegate.swift; sourceTree = "<group>"; };
		516EC6642253820700C90546 /* Base */ = {isa = PBXFileReference; lastKnownFileType = file.storyboard; name = Base; path = Base.lproj/Main.storyboard; sourceTree = "<group>"; };
		516EC6662253820800C90546 /* Assets.xcassets */ = {isa = PBXFileReference; lastKnownFileType = folder.assetcatalog; path = Assets.xcassets; sourceTree = "<group>"; };
		516EC6692253820800C90546 /* Base */ = {isa = PBXFileReference; lastKnownFileType = file.storyboard; name = Base; path = Base.lproj/LaunchScreen.storyboard; sourceTree = "<group>"; };
		516EC66B2253820800C90546 /* Info.plist */ = {isa = PBXFileReference; lastKnownFileType = text.plist.xml; path = Info.plist; sourceTree = "<group>"; };
		516EC676225382D500C90546 /* SubCategoriesCollectionCell.swift */ = {isa = PBXFileReference; fileEncoding = 4; lastKnownFileType = sourcecode.swift; path = SubCategoriesCollectionCell.swift; sourceTree = "<group>"; };
		516EC677225382D500C90546 /* SubCategoryCellModel.swift */ = {isa = PBXFileReference; fileEncoding = 4; lastKnownFileType = sourcecode.swift; path = SubCategoryCellModel.swift; sourceTree = "<group>"; };
		516EC678225382D500C90546 /* SubCategoryView.swift */ = {isa = PBXFileReference; fileEncoding = 4; lastKnownFileType = sourcecode.swift; path = SubCategoryView.swift; sourceTree = "<group>"; };
		516EC679225382D500C90546 /* sentModel.swift */ = {isa = PBXFileReference; fileEncoding = 4; lastKnownFileType = sourcecode.swift; path = sentModel.swift; sourceTree = "<group>"; };
		516EC67A225382D500C90546 /* CategoriesCell.swift */ = {isa = PBXFileReference; fileEncoding = 4; lastKnownFileType = sourcecode.swift; path = CategoriesCell.swift; sourceTree = "<group>"; };
		516EC67B225382D600C90546 /* CategoryCellModel.swift */ = {isa = PBXFileReference; fileEncoding = 4; lastKnownFileType = sourcecode.swift; path = CategoryCellModel.swift; sourceTree = "<group>"; };
		516EC67C225382D600C90546 /* CategoryView.swift */ = {isa = PBXFileReference; fileEncoding = 4; lastKnownFileType = sourcecode.swift; path = CategoryView.swift; sourceTree = "<group>"; };
		516EC684225382E800C90546 /* RegisterationView.swift */ = {isa = PBXFileReference; fileEncoding = 4; lastKnownFileType = sourcecode.swift; path = RegisterationView.swift; sourceTree = "<group>"; };
		516EC685225382E800C90546 /* WebView.swift */ = {isa = PBXFileReference; fileEncoding = 4; lastKnownFileType = sourcecode.swift; path = WebView.swift; sourceTree = "<group>"; };
		516EC688225382F900C90546 /* BrandsCollectionViewCell.swift */ = {isa = PBXFileReference; fileEncoding = 4; lastKnownFileType = sourcecode.swift; path = BrandsCollectionViewCell.swift; sourceTree = "<group>"; };
		516EC689225382F900C90546 /* SellersAndBrands.swift */ = {isa = PBXFileReference; fileEncoding = 4; lastKnownFileType = sourcecode.swift; path = SellersAndBrands.swift; sourceTree = "<group>"; };
		516EC68A225382F900C90546 /* SellersCell.swift */ = {isa = PBXFileReference; fileEncoding = 4; lastKnownFileType = sourcecode.swift; path = SellersCell.swift; sourceTree = "<group>"; };
		516EC68B225382FA00C90546 /* BestSellerCellModel.swift */ = {isa = PBXFileReference; fileEncoding = 4; lastKnownFileType = sourcecode.swift; path = BestSellerCellModel.swift; sourceTree = "<group>"; };
		516EC68C225382FA00C90546 /* BrandModel.swift */ = {isa = PBXFileReference; fileEncoding = 4; lastKnownFileType = sourcecode.swift; path = BrandModel.swift; sourceTree = "<group>"; };
		516EC68D225382FA00C90546 /* BrandsCell.swift */ = {isa = PBXFileReference; fileEncoding = 4; lastKnownFileType = sourcecode.swift; path = BrandsCell.swift; sourceTree = "<group>"; };
		516EC6942253830400C90546 /* ServiceLayer.swift */ = {isa = PBXFileReference; fileEncoding = 4; lastKnownFileType = sourcecode.swift; path = ServiceLayer.swift; sourceTree = "<group>"; };
		516EC6962253867800C90546 /* ar */ = {isa = PBXFileReference; lastKnownFileType = text.plist.strings; name = ar; path = ar.lproj/Main.strings; sourceTree = "<group>"; };
		516EC69922538E1C00C90546 /* LocalizationHandler.swift */ = {isa = PBXFileReference; lastKnownFileType = sourcecode.swift; path = LocalizationHandler.swift; sourceTree = "<group>"; };
		516EC69B2253936300C90546 /* Globals.swift */ = {isa = PBXFileReference; lastKnownFileType = sourcecode.swift; path = Globals.swift; sourceTree = "<group>"; };
		516EC6A22253B64800C90546 /* Language.swift */ = {isa = PBXFileReference; lastKnownFileType = sourcecode.swift; path = Language.swift; sourceTree = "<group>"; };
/* End PBXFileReference section */

/* Begin PBXFrameworksBuildPhase section */
		516EC6592253820700C90546 /* Frameworks */ = {
			isa = PBXFrameworksBuildPhase;
			buildActionMask = 2147483647;
			files = (
			);
			runOnlyForDeploymentPostprocessing = 0;
		};
/* End PBXFrameworksBuildPhase section */

/* Begin PBXGroup section */
		513B0F5B2255FE1B003377A7 /* Cells */ = {
			isa = PBXGroup;
			children = (
				516EC67A225382D500C90546 /* CategoriesCell.swift */,
				516EC676225382D500C90546 /* SubCategoriesCollectionCell.swift */,
			);
			path = Cells;
			sourceTree = "<group>";
		};
		513B0F5C2255FE38003377A7 /* Models */ = {
			isa = PBXGroup;
			children = (
				516EC679225382D500C90546 /* sentModel.swift */,
				516EC67B225382D600C90546 /* CategoryCellModel.swift */,
				516EC677225382D500C90546 /* SubCategoryCellModel.swift */,
			);
			path = Models;
			sourceTree = "<group>";
		};
		513B0F5D2255FE4C003377A7 /* Controllers */ = {
			isa = PBXGroup;
			children = (
				516EC67C225382D600C90546 /* CategoryView.swift */,
				516EC678225382D500C90546 /* SubCategoryView.swift */,
			);
			path = Controllers;
			sourceTree = "<group>";
		};
		513B0F5E2255FE6B003377A7 /* Controllers */ = {
			isa = PBXGroup;
			children = (
				516EC685225382E800C90546 /* WebView.swift */,
				516EC69922538E1C00C90546 /* LocalizationHandler.swift */,
				516EC6A22253B64800C90546 /* Language.swift */,
				516EC684225382E800C90546 /* RegisterationView.swift */,
			);
			path = Controllers;
			sourceTree = "<group>";
		};
		513B0F5F2255FE84003377A7 /* Cells */ = {
			isa = PBXGroup;
			children = (
				516EC688225382F900C90546 /* BrandsCollectionViewCell.swift */,
				516EC68A225382F900C90546 /* SellersCell.swift */,
				516EC68D225382FA00C90546 /* BrandsCell.swift */,
			);
			path = Cells;
			sourceTree = "<group>";
		};
		513B0F602255FE99003377A7 /* Models */ = {
			isa = PBXGroup;
			children = (
				516EC68B225382FA00C90546 /* BestSellerCellModel.swift */,
				516EC68C225382FA00C90546 /* BrandModel.swift */,
			);
			path = Models;
			sourceTree = "<group>";
		};
		513B0F612255FEA8003377A7 /* Controllers */ = {
			isa = PBXGroup;
			children = (
				516EC689225382F900C90546 /* SellersAndBrands.swift */,
			);
			path = Controllers;
			sourceTree = "<group>";
		};
		516EC6532253820700C90546 = {
			isa = PBXGroup;
			children = (
				516EC65E2253820700C90546 /* HardTaskApp */,
				516EC65D2253820700C90546 /* Products */,
			);
			sourceTree = "<group>";
		};
		516EC65D2253820700C90546 /* Products */ = {
			isa = PBXGroup;
			children = (
				516EC65C2253820700C90546 /* HardTaskApp.app */,
			);
			name = Products;
			sourceTree = "<group>";
		};
		516EC65E2253820700C90546 /* HardTaskApp */ = {
			isa = PBXGroup;
			children = (
				516EC6752253829000C90546 /* Task001 */,
				516EC6742253828900C90546 /* Task002 */,
				516EC6732253828600C90546 /* Task003 */,
				516EC6722253828300C90546 /* Services */,
				516EC6712253827F00C90546 /* Views */,
				516EC65F2253820700C90546 /* AppDelegate.swift */,
				516EC66B2253820800C90546 /* Info.plist */,
			);
			path = HardTaskApp;
			sourceTree = "<group>";
		};
		516EC6712253827F00C90546 /* Views */ = {
			isa = PBXGroup;
			children = (
				516EC6632253820700C90546 /* Main.storyboard */,
				516EC6662253820800C90546 /* Assets.xcassets */,
				516EC6682253820800C90546 /* LaunchScreen.storyboard */,
				513B0F592255F971003377A7 /* GE Dinar One Medium.ttf */,
				513B0F5A2255F971003377A7 /* Montserrat-Regular.ttf */,
			);
			path = Views;
			sourceTree = "<group>";
		};
		516EC6722253828300C90546 /* Services */ = {
			isa = PBXGroup;
			children = (
				516EC6942253830400C90546 /* ServiceLayer.swift */,
				516EC69B2253936300C90546 /* Globals.swift */,
			);
			path = Services;
			sourceTree = "<group>";
		};
		516EC6732253828600C90546 /* Task003 */ = {
			isa = PBXGroup;
			children = (
				513B0F612255FEA8003377A7 /* Controllers */,
				513B0F602255FE99003377A7 /* Models */,
				513B0F5F2255FE84003377A7 /* Cells */,
			);
			path = Task003;
			sourceTree = "<group>";
		};
		516EC6742253828900C90546 /* Task002 */ = {
			isa = PBXGroup;
			children = (
				513B0F5E2255FE6B003377A7 /* Controllers */,
			);
			path = Task002;
			sourceTree = "<group>";
		};
		516EC6752253829000C90546 /* Task001 */ = {
			isa = PBXGroup;
			children = (
				513B0F5D2255FE4C003377A7 /* Controllers */,
				513B0F5C2255FE38003377A7 /* Models */,
				513B0F5B2255FE1B003377A7 /* Cells */,
			);
			path = Task001;
			sourceTree = "<group>";
		};
/* End PBXGroup section */

/* Begin PBXNativeTarget section */
		516EC65B2253820700C90546 /* HardTaskApp */ = {
			isa = PBXNativeTarget;
			buildConfigurationList = 516EC66E2253820800C90546 /* Build configuration list for PBXNativeTarget "HardTaskApp" */;
			buildPhases = (
				516EC6582253820700C90546 /* Sources */,
				516EC6592253820700C90546 /* Frameworks */,
				516EC65A2253820700C90546 /* Resources */,
			);
			buildRules = (
			);
			dependencies = (
			);
			name = HardTaskApp;
			productName = HardTaskApp;
			productReference = 516EC65C2253820700C90546 /* HardTaskApp.app */;
			productType = "com.apple.product-type.application";
		};
/* End PBXNativeTarget section */

/* Begin PBXProject section */
		516EC6542253820700C90546 /* Project object */ = {
			isa = PBXProject;
			attributes = {
				LastSwiftUpdateCheck = 1010;
				LastUpgradeCheck = 1010;
				ORGANIZATIONNAME = "Mohamed Nagi";
				TargetAttributes = {
					516EC65B2253820700C90546 = {
						CreatedOnToolsVersion = 10.1;
						ProvisioningStyle = Automatic;
					};
				};
			};
			buildConfigurationList = 516EC6572253820700C90546 /* Build configuration list for PBXProject "HardTaskApp" */;
			compatibilityVersion = "Xcode 8.0";
			developmentRegion = en;
			hasScannedForEncodings = 0;
			knownRegions = (
				en,
				Base,
				ar,
			);
			mainGroup = 516EC6532253820700C90546;
			productRefGroup = 516EC65D2253820700C90546 /* Products */;
			projectDirPath = "";
			projectRoot = "";
			targets = (
				516EC65B2253820700C90546 /* HardTaskApp */,
			);
		};
/* End PBXProject section */

/* Begin PBXResourcesBuildPhase section */
		516EC65A2253820700C90546 /* Resources */ = {
			isa = PBXResourcesBuildPhase;
			buildActionMask = 2147483647;
			files = (
				516EC66A2253820800C90546 /* LaunchScreen.storyboard in Resources */,
				516EC6672253820800C90546 /* Assets.xcassets in Resources */,
				516EC6652253820700C90546 /* Main.storyboard in Resources */,
			);
			runOnlyForDeploymentPostprocessing = 0;
		};
/* End PBXResourcesBuildPhase section */

/* Begin PBXSourcesBuildPhase section */
		516EC6582253820700C90546 /* Sources */ = {
			isa = PBXSourcesBuildPhase;
			buildActionMask = 2147483647;
			files = (
				516EC682225382D600C90546 /* CategoryCellModel.swift in Sources */,
				516EC6A32253B64800C90546 /* Language.swift in Sources */,
				516EC681225382D600C90546 /* CategoriesCell.swift in Sources */,
				516EC692225382FA00C90546 /* BrandModel.swift in Sources */,
				516EC67F225382D600C90546 /* SubCategoryView.swift in Sources */,
				516EC691225382FA00C90546 /* BestSellerCellModel.swift in Sources */,
				516EC690225382FA00C90546 /* SellersCell.swift in Sources */,
				516EC69C2253936300C90546 /* Globals.swift in Sources */,
				516EC6952253830400C90546 /* ServiceLayer.swift in Sources */,
				516EC6602253820700C90546 /* AppDelegate.swift in Sources */,
				516EC680225382D600C90546 /* sentModel.swift in Sources */,
				516EC67E225382D600C90546 /* SubCategoryCellModel.swift in Sources */,
				516EC68F225382FA00C90546 /* SellersAndBrands.swift in Sources */,
				516EC67D225382D600C90546 /* SubCategoriesCollectionCell.swift in Sources */,
				516EC683225382D600C90546 /* CategoryView.swift in Sources */,
				516EC693225382FA00C90546 /* BrandsCell.swift in Sources */,
				516EC686225382E800C90546 /* RegisterationView.swift in Sources */,
				516EC69A22538E1C00C90546 /* LocalizationHandler.swift in Sources */,
				516EC68E225382FA00C90546 /* BrandsCollectionViewCell.swift in Sources */,
				516EC687225382E800C90546 /* WebView.swift in Sources */,
			);
			runOnlyForDeploymentPostprocessing = 0;
		};
/* End PBXSourcesBuildPhase section */

/* Begin PBXVariantGroup section */
		516EC6632253820700C90546 /* Main.storyboard */ = {
			isa = PBXVariantGroup;
			children = (
				516EC6642253820700C90546 /* Base */,
				516EC6962253867800C90546 /* ar */,
			);
			name = Main.storyboard;
			sourceTree = "<group>";
		};
		516EC6682253820800C90546 /* LaunchScreen.storyboard */ = {
			isa = PBXVariantGroup;
			children = (
				516EC6692253820800C90546 /* Base */,
			);
			name = LaunchScreen.storyboard;
			sourceTree = "<group>";
		};
/* End PBXVariantGroup section */

/* Begin XCBuildConfiguration section */
		516EC66C2253820800C90546 /* Debug */ = {
			isa = XCBuildConfiguration;
			buildSettings = {
				ALWAYS_SEARCH_USER_PATHS = NO;
				CLANG_ANALYZER_LOCALIZABILITY_NONLOCALIZED = YES;
				CLANG_ANALYZER_NONNULL = YES;
				CLANG_ANALYZER_NUMBER_OBJECT_CONVERSION = YES_AGGRESSIVE;
				CLANG_CXX_LANGUAGE_STANDARD = "gnu++14";
				CLANG_CXX_LIBRARY = "libc++";
				CLANG_ENABLE_MODULES = YES;
				CLANG_ENABLE_OBJC_ARC = YES;
				CLANG_ENABLE_OBJC_WEAK = YES;
				CLANG_WARN_BLOCK_CAPTURE_AUTORELEASING = YES;
				CLANG_WARN_BOOL_CONVERSION = YES;
				CLANG_WARN_COMMA = YES;
				CLANG_WARN_CONSTANT_CONVERSION = YES;
				CLANG_WARN_DEPRECATED_OBJC_IMPLEMENTATIONS = YES;
				CLANG_WARN_DIRECT_OBJC_ISA_USAGE = YES_ERROR;
				CLANG_WARN_DOCUMENTATION_COMMENTS = YES;
				CLANG_WARN_EMPTY_BODY = YES;
				CLANG_WARN_ENUM_CONVERSION = YES;
				CLANG_WARN_INFINITE_RECURSION = YES;
				CLANG_WARN_INT_CONVERSION = YES;
				CLANG_WARN_NON_LITERAL_NULL_CONVERSION = YES;
				CLANG_WARN_OBJC_IMPLICIT_RETAIN_SELF = YES;
				CLANG_WARN_OBJC_LITERAL_CONVERSION = YES;
				CLANG_WARN_OBJC_ROOT_CLASS = YES_ERROR;
				CLANG_WARN_RANGE_LOOP_ANALYSIS = YES;
				CLANG_WARN_STRICT_PROTOTYPES = YES;
				CLANG_WARN_SUSPICIOUS_MOVE = YES;
				CLANG_WARN_UNGUARDED_AVAILABILITY = YES_AGGRESSIVE;
				CLANG_WARN_UNREACHABLE_CODE = YES;
				CLANG_WARN__DUPLICATE_METHOD_MATCH = YES;
				CODE_SIGN_IDENTITY = "iPhone Developer";
				COPY_PHASE_STRIP = NO;
				DEBUG_INFORMATION_FORMAT = dwarf;
				ENABLE_STRICT_OBJC_MSGSEND = YES;
				ENABLE_TESTABILITY = YES;
				GCC_C_LANGUAGE_STANDARD = gnu11;
				GCC_DYNAMIC_NO_PIC = NO;
				GCC_NO_COMMON_BLOCKS = YES;
				GCC_OPTIMIZATION_LEVEL = 0;
				GCC_PREPROCESSOR_DEFINITIONS = (
					"DEBUG=1",
					"$(inherited)",
				);
				GCC_WARN_64_TO_32_BIT_CONVERSION = YES;
				GCC_WARN_ABOUT_RETURN_TYPE = YES_ERROR;
				GCC_WARN_UNDECLARED_SELECTOR = YES;
				GCC_WARN_UNINITIALIZED_AUTOS = YES_AGGRESSIVE;
				GCC_WARN_UNUSED_FUNCTION = YES;
				GCC_WARN_UNUSED_VARIABLE = YES;
				IPHONEOS_DEPLOYMENT_TARGET = 12.1;
				MTL_ENABLE_DEBUG_INFO = INCLUDE_SOURCE;
				MTL_FAST_MATH = YES;
				ONLY_ACTIVE_ARCH = YES;
				SDKROOT = iphoneos;
				SWIFT_ACTIVE_COMPILATION_CONDITIONS = DEBUG;
				SWIFT_OPTIMIZATION_LEVEL = "-Onone";
			};
			name = Debug;
		};
		516EC66D2253820800C90546 /* Release */ = {
			isa = XCBuildConfiguration;
			buildSettings = {
				ALWAYS_SEARCH_USER_PATHS = NO;
				CLANG_ANALYZER_LOCALIZABILITY_NONLOCALIZED = YES;
				CLANG_ANALYZER_NONNULL = YES;
				CLANG_ANALYZER_NUMBER_OBJECT_CONVERSION = YES_AGGRESSIVE;
				CLANG_CXX_LANGUAGE_STANDARD = "gnu++14";
				CLANG_CXX_LIBRARY = "libc++";
				CLANG_ENABLE_MODULES = YES;
				CLANG_ENABLE_OBJC_ARC = YES;
				CLANG_ENABLE_OBJC_WEAK = YES;
				CLANG_WARN_BLOCK_CAPTURE_AUTORELEASING = YES;
				CLANG_WARN_BOOL_CONVERSION = YES;
				CLANG_WARN_COMMA = YES;
				CLANG_WARN_CONSTANT_CONVERSION = YES;
				CLANG_WARN_DEPRECATED_OBJC_IMPLEMENTATIONS = YES;
				CLANG_WARN_DIRECT_OBJC_ISA_USAGE = YES_ERROR;
				CLANG_WARN_DOCUMENTATION_COMMENTS = YES;
				CLANG_WARN_EMPTY_BODY = YES;
				CLANG_WARN_ENUM_CONVERSION = YES;
				CLANG_WARN_INFINITE_RECURSION = YES;
				CLANG_WARN_INT_CONVERSION = YES;
				CLANG_WARN_NON_LITERAL_NULL_CONVERSION = YES;
				CLANG_WARN_OBJC_IMPLICIT_RETAIN_SELF = YES;
				CLANG_WARN_OBJC_LITERAL_CONVERSION = YES;
				CLANG_WARN_OBJC_ROOT_CLASS = YES_ERROR;
				CLANG_WARN_RANGE_LOOP_ANALYSIS = YES;
				CLANG_WARN_STRICT_PROTOTYPES = YES;
				CLANG_WARN_SUSPICIOUS_MOVE = YES;
				CLANG_WARN_UNGUARDED_AVAILABILITY = YES_AGGRESSIVE;
				CLANG_WARN_UNREACHABLE_CODE = YES;
				CLANG_WARN__DUPLICATE_METHOD_MATCH = YES;
				CODE_SIGN_IDENTITY = "iPhone Developer";
				COPY_PHASE_STRIP = NO;
				DEBUG_INFORMATION_FORMAT = "dwarf-with-dsym";
				ENABLE_NS_ASSERTIONS = NO;
				ENABLE_STRICT_OBJC_MSGSEND = YES;
				GCC_C_LANGUAGE_STANDARD = gnu11;
				GCC_NO_COMMON_BLOCKS = YES;
				GCC_WARN_64_TO_32_BIT_CONVERSION = YES;
				GCC_WARN_ABOUT_RETURN_TYPE = YES_ERROR;
				GCC_WARN_UNDECLARED_SELECTOR = YES;
				GCC_WARN_UNINITIALIZED_AUTOS = YES_AGGRESSIVE;
				GCC_WARN_UNUSED_FUNCTION = YES;
				GCC_WARN_UNUSED_VARIABLE = YES;
				IPHONEOS_DEPLOYMENT_TARGET = 12.1;
				MTL_ENABLE_DEBUG_INFO = NO;
				MTL_FAST_MATH = YES;
				SDKROOT = iphoneos;
				SWIFT_OPTIMIZATION_LEVEL = "-Owholemodule";
				VALIDATE_PRODUCT = YES;
			};
			name = Release;
		};
		516EC66F2253820800C90546 /* Debug */ = {
			isa = XCBuildConfiguration;
			buildSettings = {
				ASSETCATALOG_COMPILER_APPICON_NAME = AppIcon;
				CODE_SIGN_STYLE = Automatic;
				DEVELOPMENT_TEAM = RKVSSJM9UR;
				INFOPLIST_FILE = HardTaskApp/Info.plist;
				IPHONEOS_DEPLOYMENT_TARGET = 12.1;
				LD_RUNPATH_SEARCH_PATHS = "$(inherited) @executable_path/Frameworks";
				PRODUCT_BUNDLE_IDENTIFIER = com.BrightCreations.HardTaskApp;
				PRODUCT_NAME = "$(TARGET_NAME)";
				SWIFT_VERSION = 4.2;
				TARGETED_DEVICE_FAMILY = 1;
			};
			name = Debug;
		};
		516EC6702253820800C90546 /* Release */ = {
			isa = XCBuildConfiguration;
			buildSettings = {
				ASSETCATALOG_COMPILER_APPICON_NAME = AppIcon;
				CODE_SIGN_STYLE = Automatic;
				DEVELOPMENT_TEAM = RKVSSJM9UR;
				INFOPLIST_FILE = HardTaskApp/Info.plist;
				IPHONEOS_DEPLOYMENT_TARGET = 12.1;
				LD_RUNPATH_SEARCH_PATHS = "$(inherited) @executable_path/Frameworks";
				PRODUCT_BUNDLE_IDENTIFIER = com.BrightCreations.HardTaskApp;
				PRODUCT_NAME = "$(TARGET_NAME)";
				SWIFT_VERSION = 4.2;
				TARGETED_DEVICE_FAMILY = 1;
			};
			name = Release;
		};
/* End XCBuildConfiguration section */

/* Begin XCConfigurationList section */
		516EC6572253820700C90546 /* Build configuration list for PBXProject "HardTaskApp" */ = {
			isa = XCConfigurationList;
			buildConfigurations = (
				516EC66C2253820800C90546 /* Debug */,
				516EC66D2253820800C90546 /* Release */,
			);
			defaultConfigurationIsVisible = 0;
			defaultConfigurationName = Release;
		};
		516EC66E2253820800C90546 /* Build configuration list for PBXNativeTarget "HardTaskApp" */ = {
			isa = XCConfigurationList;
			buildConfigurations = (
				516EC66F2253820800C90546 /* Debug */,
				516EC6702253820800C90546 /* Release */,
			);
			defaultConfigurationIsVisible = 0;
			defaultConfigurationName = Release;
		};
/* End XCConfigurationList section */
	};
	rootObject = 516EC6542253820700C90546 /* Project object */;
}
